
Microsoft Visual Studio Solution File, Format Version 12.00
# Visual Studio Version 17
VisualStudioVersion = 17.9.34723.18
MinimumVisualStudioVersion = 10.0.40219.1
Project("{FAE04EC0-301F-11D3-BF4B-00C04F79EFBC}") = "Hello", "Hello\Hello.csproj", "{B3E77288-C695-4D0B-9189-7266BC62AFA8}"
EndProject
Global
	GlobalSection(SolutionConfigurationPlatforms) = preSolution
		Debug|Any CPU = Debug|Any CPU
		Release|Any CPU = Release|Any CPU
	EndGlobalSection
	GlobalSection(ProjectConfigurationPlatforms) = postSolution
		{B3E77288-C695-4D0B-9189-7266BC62AFA8}.Debug|Any CPU.ActiveCfg = Debug|Any CPU
		{B3E77288-C695-4D0B-9189-7266BC62AFA8}.Debug|Any CPU.Build.0 = Debug|Any CPU
		{B3E77288-C695-4D0B-9189-7266BC62AFA8}.Release|Any CPU.ActiveCfg = Release|Any CPU
		{B3E77288-C695-4D0B-9189-7266BC62AFA8}.Release|Any CPU.Build.0 = Release|Any CPU
	EndGlobalSection
	GlobalSection(SolutionProperties) = preSolution
		HideSolutionNode = FALSE
	EndGlobalSection
	GlobalSection(ExtensibilityGlobals) = postSolution
		SolutionGuid = {2D7A25A2-A516-4356-AE18-EF3C37039824}
	EndGlobalSection
EndGlobal
